
Microsoft Visual Studio Solution File, Format Version 12.00
# Visual Studio Version 16
VisualStudioVersion = 16.0.31025.194
MinimumVisualStudioVersion = 10.0.40219.1
Project("{9A19103F-16F7-4668-BE54-9A1E7A4F7556}") = "RecipeManager", "RecipeManager\RecipeManager.csproj", "{0589B2A7-EA9E-4038-89DC-426E15270241}"
EndProject
Project("{9A19103F-16F7-4668-BE54-9A1E7A4F7556}") = "RecipeApi", "RecipeApi\RecipeApi.csproj", "{DFB59BF5-8333-4223-B607-66DA3DF69D46}"
EndProject
Project("{9A19103F-16F7-4668-BE54-9A1E7A4F7556}") = "RecipeManager.UITests", "RecipeManager.UITests\RecipeManager.UITests.csproj", "{86C8C938-0F43-4896-BD31-ACD14D97C83B}"
EndProject
Project("{FAE04EC0-301F-11D3-BF4B-00C04F79EFBC}") = "RecipeManager.UI", "RecipeManager.UI\RecipeManager.UI.csproj", "{2DE7CCE0-C051-422F-9985-0B37C2BEA433}"
EndProject
Global
	GlobalSection(SolutionConfigurationPlatforms) = preSolution
		Debug|Any CPU = Debug|Any CPU
		Release|Any CPU = Release|Any CPU
	EndGlobalSection
	GlobalSection(ProjectConfigurationPlatforms) = postSolution
		{0589B2A7-EA9E-4038-89DC-426E15270241}.Debug|Any CPU.ActiveCfg = Debug|Any CPU
		{0589B2A7-EA9E-4038-89DC-426E15270241}.Debug|Any CPU.Build.0 = Debug|Any CPU
		{0589B2A7-EA9E-4038-89DC-426E15270241}.Release|Any CPU.ActiveCfg = Release|Any CPU
		{0589B2A7-EA9E-4038-89DC-426E15270241}.Release|Any CPU.Build.0 = Release|Any CPU
		{DFB59BF5-8333-4223-B607-66DA3DF69D46}.Debug|Any CPU.ActiveCfg = Debug|Any CPU
		{DFB59BF5-8333-4223-B607-66DA3DF69D46}.Debug|Any CPU.Build.0 = Debug|Any CPU
		{DFB59BF5-8333-4223-B607-66DA3DF69D46}.Release|Any CPU.ActiveCfg = Release|Any CPU
		{DFB59BF5-8333-4223-B607-66DA3DF69D46}.Release|Any CPU.Build.0 = Release|Any CPU
		{86C8C938-0F43-4896-BD31-ACD14D97C83B}.Debug|Any CPU.ActiveCfg = Debug|Any CPU
		{86C8C938-0F43-4896-BD31-ACD14D97C83B}.Debug|Any CPU.Build.0 = Debug|Any CPU
		{86C8C938-0F43-4896-BD31-ACD14D97C83B}.Release|Any CPU.ActiveCfg = Release|Any CPU
		{86C8C938-0F43-4896-BD31-ACD14D97C83B}.Release|Any CPU.Build.0 = Release|Any CPU
		{2DE7CCE0-C051-422F-9985-0B37C2BEA433}.Debug|Any CPU.ActiveCfg = Debug|Any CPU
		{2DE7CCE0-C051-422F-9985-0B37C2BEA433}.Debug|Any CPU.Build.0 = Debug|Any CPU
		{2DE7CCE0-C051-422F-9985-0B37C2BEA433}.Release|Any CPU.ActiveCfg = Release|Any CPU
		{2DE7CCE0-C051-422F-9985-0B37C2BEA433}.Release|Any CPU.Build.0 = Release|Any CPU
	EndGlobalSection
	GlobalSection(SolutionProperties) = preSolution
		HideSolutionNode = FALSE
	EndGlobalSection
	GlobalSection(ExtensibilityGlobals) = postSolution
		SolutionGuid = {05430D7D-AC3D-4572-8A0D-204B93F4F9B7}
	EndGlobalSection
EndGlobal
