
Microsoft Visual Studio Solution File, Format Version 12.00
# Visual Studio Version 16
VisualStudioVersion = 16.0.31025.194
MinimumVisualStudioVersion = 10.0.40219.1
Project("{9A19103F-16F7-4668-BE54-9A1E7A4F7556}") = "RecipeApi", "RecipeApi\RecipeApi.csproj", "{DFB59BF5-8333-4223-B607-66DA3DF69D46}"
EndProject
Project("{9A19103F-16F7-4668-BE54-9A1E7A4F7556}") = "RecipeManager.UI", "RecipeManager.UI\RecipeManager.UI.csproj", "{2207AC4F-7354-4119-9D69-BC8803E1C527}"
EndProject
Project("{9A19103F-16F7-4668-BE54-9A1E7A4F7556}") = "RecipeManager.Library", "RecipeManager.Library\RecipeManager.Library.csproj", "{263595CF-9140-4DF9-B280-99B26B4B9B3D}"
EndProject
Global
	GlobalSection(SolutionConfigurationPlatforms) = preSolution
		Debug|Any CPU = Debug|Any CPU
		Release|Any CPU = Release|Any CPU
	EndGlobalSection
	GlobalSection(ProjectConfigurationPlatforms) = postSolution
		{DFB59BF5-8333-4223-B607-66DA3DF69D46}.Debug|Any CPU.ActiveCfg = Debug|Any CPU
		{DFB59BF5-8333-4223-B607-66DA3DF69D46}.Debug|Any CPU.Build.0 = Debug|Any CPU
		{DFB59BF5-8333-4223-B607-66DA3DF69D46}.Release|Any CPU.ActiveCfg = Release|Any CPU
		{DFB59BF5-8333-4223-B607-66DA3DF69D46}.Release|Any CPU.Build.0 = Release|Any CPU
		{2207AC4F-7354-4119-9D69-BC8803E1C527}.Debug|Any CPU.ActiveCfg = Debug|Any CPU
		{2207AC4F-7354-4119-9D69-BC8803E1C527}.Debug|Any CPU.Build.0 = Debug|Any CPU
		{2207AC4F-7354-4119-9D69-BC8803E1C527}.Release|Any CPU.ActiveCfg = Release|Any CPU
		{2207AC4F-7354-4119-9D69-BC8803E1C527}.Release|Any CPU.Build.0 = Release|Any CPU
		{263595CF-9140-4DF9-B280-99B26B4B9B3D}.Debug|Any CPU.ActiveCfg = Debug|Any CPU
		{263595CF-9140-4DF9-B280-99B26B4B9B3D}.Debug|Any CPU.Build.0 = Debug|Any CPU
		{263595CF-9140-4DF9-B280-99B26B4B9B3D}.Release|Any CPU.ActiveCfg = Release|Any CPU
		{263595CF-9140-4DF9-B280-99B26B4B9B3D}.Release|Any CPU.Build.0 = Release|Any CPU
	EndGlobalSection
	GlobalSection(SolutionProperties) = preSolution
		HideSolutionNode = FALSE
	EndGlobalSection
	GlobalSection(ExtensibilityGlobals) = postSolution
		SolutionGuid = {05430D7D-AC3D-4572-8A0D-204B93F4F9B7}
	EndGlobalSection
EndGlobal
